github.com/alexedwards/flow v0.0.0-20220806114457-cf11be9e0e03 h1:r07xZN3ENBWdxGuU/feCsnpsgHJ7+3uLm7cq9S0sqoI=
github.com/alexedwards/flow v0.0.0-20220806114457-cf11be9e0e03/go.mod h1:1rjOQiOqQlmMdUMuvlJFjldqTnE/tQULE7qPIu4aq3U=
github.com/go-sql-driver/mysql v1.7.1 h1:lUIinVbN1DY0xBg0eMOzmmtGoHwWBbvnWubQUrtU8EI=
github.com/go-sql-driver/mysql v1.7.1/go.mod h1:OXbVy3sEdcQ2Doequ6Z5BW6fXNQTmx+9S1MCJN5yJMI=
github.com/google/btree v1.0.0/go.mod h1:lNA+9X1NB3Zf8V7Ke586lFgjr2dZNuvo3lPJSGZ5JPQ=
github.com/google/btree v1.1.2 h1:xf4v41cLI2Z6FxbKm+8Bu+m8ifhj15JuZ9sa0jZCMUU=
github.com/google/btree v1.1.2/go.mod h1:qOPhT0dTNdNzV6Z/lhRX0YXUafgPLFUh+gZMl761Gm4=
github.com/google/uuid v1.4.0 h1:MtMxsa51/r9yyhkyLsVeVt0B+BGQZzpQiTQ4eHZ8bc4=
github.com/google/uuid v1.4.0/go.mod h1:TIyPZe4MgqvfeYDBFedMoGGpEw/LqOeaOT+nhxU+yHo=
github.com/groob/plist v0.0.0-20220217120414-63fa881b19a5 h1:saaSiB25B1wgaxrshQhurfPKUGJ4It3OxNJUy0rdOjU=
github.com/groob/plist v0.0.0-20220217120414-63fa881b19a5/go.mod h1:itkABA+w2cw7x5nYUS/pLRef6ludkZKOigbROmCTaFw=
github.com/jessepeterson/mdmcommands v0.0.0-20230517161100-c5ca4128e1e3 h1:J825aym3sjbzht2K6m4Bd8HPkvV0lbyM/G2ZjGHuDaU=
github.com/jessepeterson/mdmcommands v0.0.0-20230517161100-c5ca4128e1e3/go.mod h1:EHxwKfMUtf7wNjF19BQQ/XCOvh62vbOXTggS9guNVxY=
github.com/peterbourgon/diskv/v3 v3.0.1 h1:x06SQA46+PKIUftmEujdwSEpIx8kR+M9eLYsUxeYveU=
github.com/peterbourgon/diskv/v3 v3.0.1/go.mod h1:kJ5Ny7vLdARGU3WUuy6uzO6T0nb/2gWcT1JiBvRmb5o=
github.com/smallstep/pkcs7 v0.0.0-20230302202335-4c094085c948 h1:/80FqDt6pzL9clNW8G2IsRAzKGNAuzsEs7g1Y5oaM/Y=
github.com/smallstep/pkcs7 v0.0.0-20230302202335-4c094085c948/go.mod h1:SNgMg+EgDFwmvSmLRTNKC5fegJjB7v23qTQ0XLGUNHk=
